
Microsoft Visual Studio Solution File, Format Version 12.00
# Visual Studio 2013
VisualStudioVersion = 12.0.31101.0
MinimumVisualStudioVersion = 10.0.40219.1
Project("{FAE04EC0-301F-11D3-BF4B-00C04F79EFBC}") = "Umbraco.Web.Rest", "Umbraco.Web.Rest\Umbraco.Web.Rest.csproj", "{A5EE27E5-7825-4443-808F-C51DAD102D9E}"
EndProject
Project("{FAE04EC0-301F-11D3-BF4B-00C04F79EFBC}") = "Umbraco.Web.Rest.Tests", "Umbraco.Web.Rest.Tests\Umbraco.Web.Rest.Tests.csproj", "{B1AA5F6F-8D28-493D-8C9C-1A3CA24ACD14}"
EndProject
Global
	GlobalSection(SolutionConfigurationPlatforms) = preSolution
		Debug|Any CPU = Debug|Any CPU
		Release|Any CPU = Release|Any CPU
	EndGlobalSection
	GlobalSection(ProjectConfigurationPlatforms) = postSolution
		{A5EE27E5-7825-4443-808F-C51DAD102D9E}.Debug|Any CPU.ActiveCfg = Debug|Any CPU
		{A5EE27E5-7825-4443-808F-C51DAD102D9E}.Debug|Any CPU.Build.0 = Debug|Any CPU
		{A5EE27E5-7825-4443-808F-C51DAD102D9E}.Release|Any CPU.ActiveCfg = Release|Any CPU
		{A5EE27E5-7825-4443-808F-C51DAD102D9E}.Release|Any CPU.Build.0 = Release|Any CPU
		{B1AA5F6F-8D28-493D-8C9C-1A3CA24ACD14}.Debug|Any CPU.ActiveCfg = Debug|Any CPU
		{B1AA5F6F-8D28-493D-8C9C-1A3CA24ACD14}.Debug|Any CPU.Build.0 = Debug|Any CPU
		{B1AA5F6F-8D28-493D-8C9C-1A3CA24ACD14}.Release|Any CPU.ActiveCfg = Release|Any CPU
		{B1AA5F6F-8D28-493D-8C9C-1A3CA24ACD14}.Release|Any CPU.Build.0 = Release|Any CPU
	EndGlobalSection
	GlobalSection(SolutionProperties) = preSolution
		HideSolutionNode = FALSE
	EndGlobalSection
EndGlobal
